
Microsoft Visual Studio Solution File, Format Version 12.00
# Visual Studio Version 16
VisualStudioVersion = 16.0.33214.272
MinimumVisualStudioVersion = 10.0.40219.1
Project("{FAE04EC0-301F-11D3-BF4B-00C04F79EFBC}") = "Mission06_rileyrm", "Mission06_rileyrm\Mission06_rileyrm.csproj", "{0EF15C8C-337E-437B-8A92-63D495226419}"
EndProject
Global
	GlobalSection(SolutionConfigurationPlatforms) = preSolution
		Debug|Any CPU = Debug|Any CPU
		Release|Any CPU = Release|Any CPU
	EndGlobalSection
	GlobalSection(ProjectConfigurationPlatforms) = postSolution
		{0EF15C8C-337E-437B-8A92-63D495226419}.Debug|Any CPU.ActiveCfg = Debug|Any CPU
		{0EF15C8C-337E-437B-8A92-63D495226419}.Debug|Any CPU.Build.0 = Debug|Any CPU
		{0EF15C8C-337E-437B-8A92-63D495226419}.Release|Any CPU.ActiveCfg = Release|Any CPU
		{0EF15C8C-337E-437B-8A92-63D495226419}.Release|Any CPU.Build.0 = Release|Any CPU
	EndGlobalSection
	GlobalSection(SolutionProperties) = preSolution
		HideSolutionNode = FALSE
	EndGlobalSection
	GlobalSection(ExtensibilityGlobals) = postSolution
		SolutionGuid = {CD28384D-321A-490C-8A66-39322CF4EFF5}
	EndGlobalSection
EndGlobal
